<?xml version="1.0" encoding="utf-8"?>
<Project ToolsVersion="4.0" xmlns="http://schemas.microsoft.com/developer/msbuild/2003">
  <ItemGroup>
    <Filter Include="resource">
      <UniqueIdentifier>{ca9c9e15-d942-43a1-aa7a-5f0b74ca1afd}</UniqueIdentifier>
      <Extensions>rc;ico;cur;bmp;dlg;rc2;rct;bin;rgs;jpg;jpeg;jpe;png;manifest</Extensions>
    </Filter>
    <Filter Include="win32">
      <UniqueIdentifier>{ccb2323b-1cfa-41ea-bcf4-ba5f07309396}</UniqueIdentifier>
    </Filter>
    <Filter Include="Classes">
      <UniqueIdentifier>{e93a77e1-af1e-4400-87d3-504b62ebdbb0}</UniqueIdentifier>
    </Filter>
    <Filter Include="Classes\my">
      <UniqueIdentifier>{1a303ce5-3551-4787-9b9f-27543e239fdf}</UniqueIdentifier>
    </Filter>
    <Filter Include="Classes\my\Common">
      <UniqueIdentifier>{d97e6e60-8d9a-43df-b4b7-c006885518e4}</UniqueIdentifier>
    </Filter>
    <Filter Include="Classes\my\Connect">
      <UniqueIdentifier>{3b30ceae-ae56-400d-9f7a-c1837794f960}</UniqueIdentifier>
    </Filter>
    <Filter Include="Classes\my\ProtoOut">
      <UniqueIdentifier>{de04f882-4649-43cd-a2dc-8a07b4d8f2e1}</UniqueIdentifier>
    </Filter>
    <Filter Include="Classes\my\JSvsCPP">
      <UniqueIdentifier>{38c34151-1fb9-44f8-ae24-f20bbf22a23d}</UniqueIdentifier>
    </Filter>
  </ItemGroup>
  <ItemGroup>
    <ClCompile Include="main.cpp">
      <Filter>win32</Filter>
    </ClCompile>
    <ClCompile Include="..\Classes\AppDelegate.cpp">
      <Filter>Classes</Filter>
    </ClCompile>
    <ClCompile Include="..\Classes\my\Common\Console_Output.cpp">
      <Filter>Classes\my\Common</Filter>
    </ClCompile>
    <ClCompile Include="..\Classes\my\Connect\ClientSocket.cpp">
      <Filter>Classes\my\Connect</Filter>
    </ClCompile>
    <ClCompile Include="..\Classes\my\Connect\CMessage.cpp">
      <Filter>Classes\my\Connect</Filter>
    </ClCompile>
    <ClCompile Include="..\Classes\my\ProtoOut\MessageRegister.cpp">
      <Filter>Classes\my\ProtoOut</Filter>
    </ClCompile>
    <ClCompile Include="..\Classes\my\ProtoOut\Test.pb.cc">
      <Filter>Classes\my\ProtoOut</Filter>
    </ClCompile>
    <ClCompile Include="..\Classes\my\JSvsCPP\jsb_GameJoy_auto.cpp">
      <Filter>Classes\my\JSvsCPP</Filter>
    </ClCompile>
    <ClCompile Include="..\Classes\my\JSvsCPP\BindPBWithJS.cpp">
      <Filter>Classes\my\JSvsCPP</Filter>
    </ClCompile>
    <ClCompile Include="..\Classes\my\ProtoOut\Login.pb.cc">
      <Filter>Classes\my\ProtoOut</Filter>
    </ClCompile>
    <ClCompile Include="..\Classes\my\JSvsCPP\JS_CPP_Data_Exchange.cpp">
      <Filter>Classes\my\JSvsCPP</Filter>
    </ClCompile>
    <ClCompile Include="..\Classes\my\JSvsCPP\MessageProxy.cpp">
      <Filter>Classes\my\JSvsCPP</Filter>
    </ClCompile>
  </ItemGroup>
  <ItemGroup>
    <ClInclude Include="..\Classes\AppDelegate.h">
      <Filter>Classes</Filter>
    </ClInclude>
    <ClInclude Include="main.h">
      <Filter>win32</Filter>
    </ClInclude>
    <ClInclude Include="resource.h" />
    <ClInclude Include="..\Classes\my\Common\Common_Head.h">
      <Filter>Classes\my\Common</Filter>
    </ClInclude>
    <ClInclude Include="..\Classes\my\Common\Console_Output.h">
      <Filter>Classes\my\Common</Filter>
    </ClInclude>
    <ClInclude Include="..\Classes\my\Connect\ClientSocket.h">
      <Filter>Classes\my\Connect</Filter>
    </ClInclude>
    <ClInclude Include="..\Classes\my\Connect\CMessage.h">
      <Filter>Classes\my\Connect</Filter>
    </ClInclude>
    <ClInclude Include="..\Classes\my\ProtoOut\MessageRegister.h">
      <Filter>Classes\my\ProtoOut</Filter>
    </ClInclude>
    <ClInclude Include="..\Classes\my\ProtoOut\Test.pb.h">
      <Filter>Classes\my\ProtoOut</Filter>
    </ClInclude>
    <ClInclude Include="..\Classes\my\JSvsCPP\JS_CPP_Data_Exchange.h">
      <Filter>Classes\my\JSvsCPP</Filter>
    </ClInclude>
    <ClInclude Include="..\Classes\my\JSvsCPP\jsb_GameJoy_auto.hpp">
      <Filter>Classes\my\JSvsCPP</Filter>
    </ClInclude>
    <ClInclude Include="..\Classes\my\JSvsCPP\BindPBWithJS.h">
      <Filter>Classes\my\JSvsCPP</Filter>
    </ClInclude>
    <ClInclude Include="..\Classes\my\ProtoOut\Login.pb.h">
      <Filter>Classes\my\ProtoOut</Filter>
    </ClInclude>
    <ClInclude Include="..\..\..\..\..\Common\include\Message_i.h">
      <Filter>Classes\my</Filter>
    </ClInclude>
    <ClInclude Include="..\Classes\my\JSvsCPP\MessageProxy.h">
      <Filter>Classes\my\JSvsCPP</Filter>
    </ClInclude>
  </ItemGroup>
  <ItemGroup>
    <ResourceCompile Include="game.rc">
      <Filter>resource</Filter>
    </ResourceCompile>
  </ItemGroup>
  <ItemGroup>
    <Image Include="res\game.ico">
      <Filter>resource</Filter>
    </Image>
  </ItemGroup>
</Project>