<?xml version="1.0" encoding="utf-8"?>
<Project ToolsVersion="4.0" xmlns="http://schemas.microsoft.com/developer/msbuild/2003">
  <ItemGroup>
    <ClInclude Include="Connectserver_Socket.h" />
    <ClInclude Include="Connectserver_Connection.h" />
    <ClInclude Include="Connectserver_Common.h" />
  </ItemGroup>
  <ItemGroup>
    <None Include="make\makefile" />
  </ItemGroup>
  <ItemGroup>
    <ClCompile Include="Connectserver_Socket.cpp" />
    <ClCompile Include="Connectserver_Connection.cpp" />
    <ClCompile Include="Connectserver.cpp" />
  </ItemGroup>
</Project>