<?xml version="1.0" encoding="utf-8"?>
<Project ToolsVersion="4.0" xmlns="http://schemas.microsoft.com/developer/msbuild/2003">
  <ItemGroup>
    <ClInclude Include="Logicserver_Common.h" />
    <ClInclude Include="..\Proto_out\Login.h">
      <Filter>Proto_out</Filter>
    </ClInclude>
    <ClInclude Include="Network\Logicserver_EpollUnit.h">
      <Filter>Network</Filter>
    </ClInclude>
    <ClInclude Include="Network\Logicserver_Message.h">
      <Filter>Network</Filter>
    </ClInclude>
    <ClInclude Include="Network\Logicserver_Socket.h">
      <Filter>Network</Filter>
    </ClInclude>
    <ClInclude Include="Network\MessageRegister.h">
      <Filter>Network</Filter>
    </ClInclude>
    <ClInclude Include="LogicFrame\Logicserver_LogicFrame.h">
      <Filter>LogicFrame</Filter>
    </ClInclude>
    <ClInclude Include="LogicFrame\LoginFrame.h">
      <Filter>LogicFrame</Filter>
    </ClInclude>
    <ClInclude Include="LogicFrame\Logicserver_FrameBase.h">
      <Filter>LogicFrame</Filter>
    </ClInclude>
    <ClInclude Include="..\Proto_out\CreateRoom.h">
      <Filter>Proto_out</Filter>
    </ClInclude>
    <ClInclude Include="..\Proto_out\GamePlay.h">
      <Filter>Proto_out</Filter>
    </ClInclude>
    <ClInclude Include="LogicFrame\SyncFrame.h">
      <Filter>LogicFrame</Filter>
    </ClInclude>
    <ClInclude Include="LogicFrame\RoomFrame.h">
      <Filter>LogicFrame</Filter>
    </ClInclude>
    <ClInclude Include="LogicFrame\Logicserver_Player.h">
      <Filter>LogicFrame</Filter>
    </ClInclude>
  </ItemGroup>
  <ItemGroup>
    <ClCompile Include="..\Proto_out\Login.cpp">
      <Filter>Proto_out</Filter>
    </ClCompile>
    <ClCompile Include="Logicserver_server.cpp" />
    <ClCompile Include="Network\Logicserver_EpollUnit.cpp">
      <Filter>Network</Filter>
    </ClCompile>
    <ClCompile Include="Network\Logicserver_Message.cpp">
      <Filter>Network</Filter>
    </ClCompile>
    <ClCompile Include="Network\Logicserver_Socket.cpp">
      <Filter>Network</Filter>
    </ClCompile>
    <ClCompile Include="Network\MessageRegister.cpp">
      <Filter>Network</Filter>
    </ClCompile>
    <ClCompile Include="LogicFrame\Logicserver_LogicFrame.cpp">
      <Filter>LogicFrame</Filter>
    </ClCompile>
    <ClCompile Include="LogicFrame\LoginFrame.cpp">
      <Filter>LogicFrame</Filter>
    </ClCompile>
    <ClCompile Include="LogicFrame\Logicserver_FrameBase.cpp">
      <Filter>LogicFrame</Filter>
    </ClCompile>
    <ClCompile Include="..\Proto_out\CreateRoom.cpp">
      <Filter>Proto_out</Filter>
    </ClCompile>
    <ClCompile Include="..\Proto_out\GamePlay.cpp">
      <Filter>Proto_out</Filter>
    </ClCompile>
    <ClCompile Include="LogicFrame\SyncFrame.cpp">
      <Filter>LogicFrame</Filter>
    </ClCompile>
    <ClCompile Include="LogicFrame\RoomFrame.cpp">
      <Filter>LogicFrame</Filter>
    </ClCompile>
    <ClCompile Include="LogicFrame\Logicserver_Player.cpp">
      <Filter>LogicFrame</Filter>
    </ClCompile>
  </ItemGroup>
  <ItemGroup>
    <Filter Include="Network">
      <UniqueIdentifier>{8236e3ff-728e-4823-bf74-99d6fe9ade30}</UniqueIdentifier>
    </Filter>
    <Filter Include="LogicFrame">
      <UniqueIdentifier>{4e3e56b5-be40-41f0-9a61-3fe1de51d026}</UniqueIdentifier>
    </Filter>
    <Filter Include="Proto_out">
      <UniqueIdentifier>{8fba83cb-c558-44c3-9174-20af5d3d1e5d}</UniqueIdentifier>
    </Filter>
  </ItemGroup>
</Project>